
Microsoft Visual Studio Solution File, Format Version 12.00
# Visual Studio Version 17
VisualStudioVersion = 17.5.33516.290
MinimumVisualStudioVersion = 10.0.40219.1
Project("{FAE04EC0-301F-11D3-BF4B-00C04F79EFBC}") = "final_task_2", "final_task_2\final_task_2.csproj", "{D2971303-97B7-456B-882F-C7E29CC4880E}"
EndProject
Global
	GlobalSection(SolutionConfigurationPlatforms) = preSolution
		Debug|Any CPU = Debug|Any CPU
		Release|Any CPU = Release|Any CPU
	EndGlobalSection
	GlobalSection(ProjectConfigurationPlatforms) = postSolution
		{D2971303-97B7-456B-882F-C7E29CC4880E}.Debug|Any CPU.ActiveCfg = Debug|Any CPU
		{D2971303-97B7-456B-882F-C7E29CC4880E}.Debug|Any CPU.Build.0 = Debug|Any CPU
		{D2971303-97B7-456B-882F-C7E29CC4880E}.Release|Any CPU.ActiveCfg = Release|Any CPU
		{D2971303-97B7-456B-882F-C7E29CC4880E}.Release|Any CPU.Build.0 = Release|Any CPU
	EndGlobalSection
	GlobalSection(SolutionProperties) = preSolution
		HideSolutionNode = FALSE
	EndGlobalSection
	GlobalSection(ExtensibilityGlobals) = postSolution
		SolutionGuid = {B9AF142E-9BB6-4FE7-9EBC-B71446E78183}
	EndGlobalSection
EndGlobal
