
Microsoft Visual Studio Solution File, Format Version 12.00
# Visual Studio Version 17
VisualStudioVersion = 17.5.33516.290
MinimumVisualStudioVersion = 10.0.40219.1
Project("{FAE04EC0-301F-11D3-BF4B-00C04F79EFBC}") = "final_task_4", "final_task_4\final_task_4.csproj", "{556F590D-256B-4EB4-9E69-C88D7FCEFF05}"
EndProject
Global
	GlobalSection(SolutionConfigurationPlatforms) = preSolution
		Debug|Any CPU = Debug|Any CPU
		Release|Any CPU = Release|Any CPU
	EndGlobalSection
	GlobalSection(ProjectConfigurationPlatforms) = postSolution
		{556F590D-256B-4EB4-9E69-C88D7FCEFF05}.Debug|Any CPU.ActiveCfg = Debug|Any CPU
		{556F590D-256B-4EB4-9E69-C88D7FCEFF05}.Debug|Any CPU.Build.0 = Debug|Any CPU
		{556F590D-256B-4EB4-9E69-C88D7FCEFF05}.Release|Any CPU.ActiveCfg = Release|Any CPU
		{556F590D-256B-4EB4-9E69-C88D7FCEFF05}.Release|Any CPU.Build.0 = Release|Any CPU
	EndGlobalSection
	GlobalSection(SolutionProperties) = preSolution
		HideSolutionNode = FALSE
	EndGlobalSection
	GlobalSection(ExtensibilityGlobals) = postSolution
		SolutionGuid = {48ECA83A-5B48-42D7-ABA8-8584421D13EE}
	EndGlobalSection
EndGlobal
